// !$*UTF8*$!
{
	archiveVersion = 1;
	classes = {
	};
	objectVersion = 56;
	objects = {

/* Begin PBXBuildFile section */
		9406A9A329E6A7C80012DDEC /* AfricaApp.swift in Sources */ = {isa = PBXBuildFile; fileRef = 9406A9A229E6A7C80012DDEC /* AfricaApp.swift */; };
		9406A9A529E6A7C80012DDEC /* ContentView.swift in Sources */ = {isa = PBXBuildFile; fileRef = 9406A9A429E6A7C80012DDEC /* ContentView.swift */; };
		9406A9A729E6A7CA0012DDEC /* Assets.xcassets in Resources */ = {isa = PBXBuildFile; fileRef = 9406A9A629E6A7CA0012DDEC /* Assets.xcassets */; };
		9406A9AA29E6A7CA0012DDEC /* Preview Assets.xcassets in Resources */ = {isa = PBXBuildFile; fileRef = 9406A9A929E6A7CA0012DDEC /* Preview Assets.xcassets */; };
		9406A9BB29E6AD650012DDEC /* lioness.mp4 in Resources */ = {isa = PBXBuildFile; fileRef = 9406A9B129E6AD650012DDEC /* lioness.mp4 */; };
		9406A9BC29E6AD650012DDEC /* gorilla.mp4 in Resources */ = {isa = PBXBuildFile; fileRef = 9406A9B229E6AD650012DDEC /* gorilla.mp4 */; };
		9406A9BD29E6AD650012DDEC /* ostrich.mp4 in Resources */ = {isa = PBXBuildFile; fileRef = 9406A9B329E6AD650012DDEC /* ostrich.mp4 */; };
		9406A9BE29E6AD650012DDEC /* rhino.mp4 in Resources */ = {isa = PBXBuildFile; fileRef = 9406A9B429E6AD650012DDEC /* rhino.mp4 */; };
		9406A9BF29E6AD650012DDEC /* elephant.mp4 in Resources */ = {isa = PBXBuildFile; fileRef = 9406A9B529E6AD650012DDEC /* elephant.mp4 */; };
		9406A9C029E6AD650012DDEC /* hippo.mp4 in Resources */ = {isa = PBXBuildFile; fileRef = 9406A9B629E6AD650012DDEC /* hippo.mp4 */; };
		9406A9C129E6AD650012DDEC /* zebra.mp4 in Resources */ = {isa = PBXBuildFile; fileRef = 9406A9B729E6AD650012DDEC /* zebra.mp4 */; };
		9406A9C229E6AD650012DDEC /* lion.mp4 in Resources */ = {isa = PBXBuildFile; fileRef = 9406A9B829E6AD650012DDEC /* lion.mp4 */; };
		9406A9C329E6AD650012DDEC /* giraffe.mp4 in Resources */ = {isa = PBXBuildFile; fileRef = 9406A9B929E6AD650012DDEC /* giraffe.mp4 */; };
		9406A9C429E6AD650012DDEC /* cheetah.mp4 in Resources */ = {isa = PBXBuildFile; fileRef = 9406A9BA29E6AD650012DDEC /* cheetah.mp4 */; };
		9406A9CA29E6ADF90012DDEC /* locations.json in Resources */ = {isa = PBXBuildFile; fileRef = 9406A9C629E6ADF90012DDEC /* locations.json */; };
		9406A9CB29E6ADF90012DDEC /* covers.json in Resources */ = {isa = PBXBuildFile; fileRef = 9406A9C729E6ADF90012DDEC /* covers.json */; };
		9406A9CC29E6ADF90012DDEC /* animals.json in Resources */ = {isa = PBXBuildFile; fileRef = 9406A9C829E6ADF90012DDEC /* animals.json */; };
		9406A9CD29E6ADF90012DDEC /* videos.json in Resources */ = {isa = PBXBuildFile; fileRef = 9406A9C929E6ADF90012DDEC /* videos.json */; };
		9406A9D229E6B4AC0012DDEC /* VideoListView.swift in Sources */ = {isa = PBXBuildFile; fileRef = 9406A9D129E6B4AC0012DDEC /* VideoListView.swift */; };
		9406A9D429E6B4C90012DDEC /* MapView.swift in Sources */ = {isa = PBXBuildFile; fileRef = 9406A9D329E6B4C90012DDEC /* MapView.swift */; };
		9406A9D629E6B4E30012DDEC /* GalleryView.swift in Sources */ = {isa = PBXBuildFile; fileRef = 9406A9D529E6B4E30012DDEC /* GalleryView.swift */; };
		9406A9D829E6B4FF0012DDEC /* MainView.swift in Sources */ = {isa = PBXBuildFile; fileRef = 9406A9D729E6B4FF0012DDEC /* MainView.swift */; };
		9406A9DB29E6BFEA0012DDEC /* CoverImageView.swift in Sources */ = {isa = PBXBuildFile; fileRef = 9406A9DA29E6BFEA0012DDEC /* CoverImageView.swift */; };
		9468E9A029F6B90A0027A3E6 /* CodableBundleExtension.swift in Sources */ = {isa = PBXBuildFile; fileRef = 9468E99F29F6B90A0027A3E6 /* CodableBundleExtension.swift */; };
		9468E9B129F6CA010027A3E6 /* AnimalListItemView.swift in Sources */ = {isa = PBXBuildFile; fileRef = 9468E9B029F6CA010027A3E6 /* AnimalListItemView.swift */; };
		9468E9B329F6CDE50027A3E6 /* AnimalModel.swift in Sources */ = {isa = PBXBuildFile; fileRef = 9468E9B229F6CDE50027A3E6 /* AnimalModel.swift */; };
		9468E9B529F6D26A0027A3E6 /* AnimalDetailView.swift in Sources */ = {isa = PBXBuildFile; fileRef = 9468E9B429F6D26A0027A3E6 /* AnimalDetailView.swift */; };
		9471582329FC031300FE5137 /* HeadingView.swift in Sources */ = {isa = PBXBuildFile; fileRef = 9471582229FC031300FE5137 /* HeadingView.swift */; };
		9471582529FC080600FE5137 /* InsetGalleryView.swift in Sources */ = {isa = PBXBuildFile; fileRef = 9471582429FC080600FE5137 /* InsetGalleryView.swift */; };
		9471582729FC11A400FE5137 /* InsetFactView.swift in Sources */ = {isa = PBXBuildFile; fileRef = 9471582629FC11A400FE5137 /* InsetFactView.swift */; };
		9471582929FC1B0D00FE5137 /* InsetMapView.swift in Sources */ = {isa = PBXBuildFile; fileRef = 9471582829FC1B0D00FE5137 /* InsetMapView.swift */; };
		9471582B29FC21E600FE5137 /* ExternalWeblinkView.swift in Sources */ = {isa = PBXBuildFile; fileRef = 9471582A29FC21E600FE5137 /* ExternalWeblinkView.swift */; };
		9471582D29FD5C9B00FE5137 /* VideoModel.swift in Sources */ = {isa = PBXBuildFile; fileRef = 9471582C29FD5C9B00FE5137 /* VideoModel.swift */; };
		9471582F29FD5E1B00FE5137 /* VideoListItemView.swift in Sources */ = {isa = PBXBuildFile; fileRef = 9471582E29FD5E1B00FE5137 /* VideoListItemView.swift */; };
		9471583129FDB14300FE5137 /* VideoPlayerView.swift in Sources */ = {isa = PBXBuildFile; fileRef = 9471583029FDB14300FE5137 /* VideoPlayerView.swift */; };
		9471583429FDB32500FE5137 /* VideoPlayerHelper.swift in Sources */ = {isa = PBXBuildFile; fileRef = 9471583329FDB32500FE5137 /* VideoPlayerHelper.swift */; };
		9471584529FE91B500FE5137 /* LocationModel.swift in Sources */ = {isa = PBXBuildFile; fileRef = 9471584429FE91B500FE5137 /* LocationModel.swift */; };
		9471584729FE9CF200FE5137 /* MapAnnotationView.swift in Sources */ = {isa = PBXBuildFile; fileRef = 9471584629FE9CF200FE5137 /* MapAnnotationView.swift */; };
		9471584929FEA67500FE5137 /* MotionAnimationView.swift in Sources */ = {isa = PBXBuildFile; fileRef = 9471584829FEA67500FE5137 /* MotionAnimationView.swift */; };
		9471584B2A00116200FE5137 /* AnimalGridItemView.swift in Sources */ = {isa = PBXBuildFile; fileRef = 9471584A2A00116200FE5137 /* AnimalGridItemView.swift */; };
		947158512A001E4000FE5137 /* Stickers.xcassets in Resources */ = {isa = PBXBuildFile; fileRef = 947158502A001E4000FE5137 /* Stickers.xcassets */; };
		947158552A001E4000FE5137 /* Stickers.appex in Embed Foundation Extensions */ = {isa = PBXBuildFile; fileRef = 9471584E2A001E3E00FE5137 /* Stickers.appex */; settings = {ATTRIBUTES = (RemoveHeadersOnCopy, ); }; };
		9471585B2A0020C800FE5137 /* CreditsView.swift in Sources */ = {isa = PBXBuildFile; fileRef = 9471585A2A0020C800FE5137 /* CreditsView.swift */; };
		9471585E2A0022B700FE5137 /* CenterModifier.swift in Sources */ = {isa = PBXBuildFile; fileRef = 9471585D2A0022B700FE5137 /* CenterModifier.swift */; };
		94FE077029F5AF0A006C99A7 /* CoverImageModel.swift in Sources */ = {isa = PBXBuildFile; fileRef = 94FE076F29F5AF0A006C99A7 /* CoverImageModel.swift */; };
/* End PBXBuildFile section */

/* Begin PBXContainerItemProxy section */
		947158532A001E4000FE5137 /* PBXContainerItemProxy */ = {
			isa = PBXContainerItemProxy;
			containerPortal = 9406A99729E6A7C80012DDEC /* Project object */;
			proxyType = 1;
			remoteGlobalIDString = 9471584D2A001E3E00FE5137;
			remoteInfo = Stickers;
		};
/* End PBXContainerItemProxy section */

/* Begin PBXCopyFilesBuildPhase section */
		947158592A001E4000FE5137 /* Embed Foundation Extensions */ = {
			isa = PBXCopyFilesBuildPhase;
			buildActionMask = 2147483647;
			dstPath = "";
			dstSubfolderSpec = 13;
			files = (
				947158552A001E4000FE5137 /* Stickers.appex in Embed Foundation Extensions */,
			);
			name = "Embed Foundation Extensions";
			runOnlyForDeploymentPostprocessing = 0;
		};
/* End PBXCopyFilesBuildPhase section */

/* Begin PBXFileReference section */
		9406A99F29E6A7C80012DDEC /* Africa.app */ = {isa = PBXFileReference; explicitFileType = wrapper.application; includeInIndex = 0; path = Africa.app; sourceTree = BUILT_PRODUCTS_DIR; };
		9406A9A229E6A7C80012DDEC /* AfricaApp.swift */ = {isa = PBXFileReference; lastKnownFileType = sourcecode.swift; path = AfricaApp.swift; sourceTree = "<group>"; };
		9406A9A429E6A7C80012DDEC /* ContentView.swift */ = {isa = PBXFileReference; lastKnownFileType = sourcecode.swift; path = ContentView.swift; sourceTree = "<group>"; };
		9406A9A629E6A7CA0012DDEC /* Assets.xcassets */ = {isa = PBXFileReference; lastKnownFileType = folder.assetcatalog; path = Assets.xcassets; sourceTree = "<group>"; };
		9406A9A929E6A7CA0012DDEC /* Preview Assets.xcassets */ = {isa = PBXFileReference; lastKnownFileType = folder.assetcatalog; path = "Preview Assets.xcassets"; sourceTree = "<group>"; };
		9406A9B129E6AD650012DDEC /* lioness.mp4 */ = {isa = PBXFileReference; lastKnownFileType = file; path = lioness.mp4; sourceTree = "<group>"; };
		9406A9B229E6AD650012DDEC /* gorilla.mp4 */ = {isa = PBXFileReference; lastKnownFileType = file; path = gorilla.mp4; sourceTree = "<group>"; };
		9406A9B329E6AD650012DDEC /* ostrich.mp4 */ = {isa = PBXFileReference; lastKnownFileType = file; path = ostrich.mp4; sourceTree = "<group>"; };
		9406A9B429E6AD650012DDEC /* rhino.mp4 */ = {isa = PBXFileReference; lastKnownFileType = file; path = rhino.mp4; sourceTree = "<group>"; };
		9406A9B529E6AD650012DDEC /* elephant.mp4 */ = {isa = PBXFileReference; lastKnownFileType = file; path = elephant.mp4; sourceTree = "<group>"; };
		9406A9B629E6AD650012DDEC /* hippo.mp4 */ = {isa = PBXFileReference; lastKnownFileType = file; path = hippo.mp4; sourceTree = "<group>"; };
		9406A9B729E6AD650012DDEC /* zebra.mp4 */ = {isa = PBXFileReference; lastKnownFileType = file; path = zebra.mp4; sourceTree = "<group>"; };
		9406A9B829E6AD650012DDEC /* lion.mp4 */ = {isa = PBXFileReference; lastKnownFileType = file; path = lion.mp4; sourceTree = "<group>"; };
		9406A9B929E6AD650012DDEC /* giraffe.mp4 */ = {isa = PBXFileReference; lastKnownFileType = file; path = giraffe.mp4; sourceTree = "<group>"; };
		9406A9BA29E6AD650012DDEC /* cheetah.mp4 */ = {isa = PBXFileReference; lastKnownFileType = file; path = cheetah.mp4; sourceTree = "<group>"; };
		9406A9C629E6ADF90012DDEC /* locations.json */ = {isa = PBXFileReference; fileEncoding = 4; lastKnownFileType = text.json; path = locations.json; sourceTree = "<group>"; };
		9406A9C729E6ADF90012DDEC /* covers.json */ = {isa = PBXFileReference; fileEncoding = 4; lastKnownFileType = text.json; path = covers.json; sourceTree = "<group>"; };
		9406A9C829E6ADF90012DDEC /* animals.json */ = {isa = PBXFileReference; fileEncoding = 4; lastKnownFileType = text.json; path = animals.json; sourceTree = "<group>"; };
		9406A9C929E6ADF90012DDEC /* videos.json */ = {isa = PBXFileReference; fileEncoding = 4; lastKnownFileType = text.json; path = videos.json; sourceTree = "<group>"; };
		9406A9CE29E6B0210012DDEC /* Info.plist */ = {isa = PBXFileReference; lastKnownFileType = text.plist; path = Info.plist; sourceTree = "<group>"; };
		9406A9D129E6B4AC0012DDEC /* VideoListView.swift */ = {isa = PBXFileReference; lastKnownFileType = sourcecode.swift; path = VideoListView.swift; sourceTree = "<group>"; };
		9406A9D329E6B4C90012DDEC /* MapView.swift */ = {isa = PBXFileReference; lastKnownFileType = sourcecode.swift; path = MapView.swift; sourceTree = "<group>"; };
		9406A9D529E6B4E30012DDEC /* GalleryView.swift */ = {isa = PBXFileReference; lastKnownFileType = sourcecode.swift; path = GalleryView.swift; sourceTree = "<group>"; };
		9406A9D729E6B4FF0012DDEC /* MainView.swift */ = {isa = PBXFileReference; lastKnownFileType = sourcecode.swift; path = MainView.swift; sourceTree = "<group>"; };
		9406A9DA29E6BFEA0012DDEC /* CoverImageView.swift */ = {isa = PBXFileReference; lastKnownFileType = sourcecode.swift; path = CoverImageView.swift; sourceTree = "<group>"; };
		9468E99F29F6B90A0027A3E6 /* CodableBundleExtension.swift */ = {isa = PBXFileReference; lastKnownFileType = sourcecode.swift; path = CodableBundleExtension.swift; sourceTree = "<group>"; };
		9468E9B029F6CA010027A3E6 /* AnimalListItemView.swift */ = {isa = PBXFileReference; lastKnownFileType = sourcecode.swift; path = AnimalListItemView.swift; sourceTree = "<group>"; };
		9468E9B229F6CDE50027A3E6 /* AnimalModel.swift */ = {isa = PBXFileReference; lastKnownFileType = sourcecode.swift; path = AnimalModel.swift; sourceTree = "<group>"; };
		9468E9B429F6D26A0027A3E6 /* AnimalDetailView.swift */ = {isa = PBXFileReference; lastKnownFileType = sourcecode.swift; path = AnimalDetailView.swift; sourceTree = "<group>"; };
		9471582229FC031300FE5137 /* HeadingView.swift */ = {isa = PBXFileReference; lastKnownFileType = sourcecode.swift; path = HeadingView.swift; sourceTree = "<group>"; };
		9471582429FC080600FE5137 /* InsetGalleryView.swift */ = {isa = PBXFileReference; lastKnownFileType = sourcecode.swift; path = InsetGalleryView.swift; sourceTree = "<group>"; };
		9471582629FC11A400FE5137 /* InsetFactView.swift */ = {isa = PBXFileReference; lastKnownFileType = sourcecode.swift; path = InsetFactView.swift; sourceTree = "<group>"; };
		9471582829FC1B0D00FE5137 /* InsetMapView.swift */ = {isa = PBXFileReference; lastKnownFileType = sourcecode.swift; path = InsetMapView.swift; sourceTree = "<group>"; };
		9471582A29FC21E600FE5137 /* ExternalWeblinkView.swift */ = {isa = PBXFileReference; lastKnownFileType = sourcecode.swift; path = ExternalWeblinkView.swift; sourceTree = "<group>"; };
		9471582C29FD5C9B00FE5137 /* VideoModel.swift */ = {isa = PBXFileReference; lastKnownFileType = sourcecode.swift; path = VideoModel.swift; sourceTree = "<group>"; };
		9471582E29FD5E1B00FE5137 /* VideoListItemView.swift */ = {isa = PBXFileReference; lastKnownFileType = sourcecode.swift; path = VideoListItemView.swift; sourceTree = "<group>"; };
		9471583029FDB14300FE5137 /* VideoPlayerView.swift */ = {isa = PBXFileReference; lastKnownFileType = sourcecode.swift; path = VideoPlayerView.swift; sourceTree = "<group>"; };
		9471583329FDB32500FE5137 /* VideoPlayerHelper.swift */ = {isa = PBXFileReference; lastKnownFileType = sourcecode.swift; path = VideoPlayerHelper.swift; sourceTree = "<group>"; };
		9471584429FE91B500FE5137 /* LocationModel.swift */ = {isa = PBXFileReference; lastKnownFileType = sourcecode.swift; path = LocationModel.swift; sourceTree = "<group>"; };
		9471584629FE9CF200FE5137 /* MapAnnotationView.swift */ = {isa = PBXFileReference; lastKnownFileType = sourcecode.swift; path = MapAnnotationView.swift; sourceTree = "<group>"; };
		9471584829FEA67500FE5137 /* MotionAnimationView.swift */ = {isa = PBXFileReference; lastKnownFileType = sourcecode.swift; path = MotionAnimationView.swift; sourceTree = "<group>"; };
		9471584A2A00116200FE5137 /* AnimalGridItemView.swift */ = {isa = PBXFileReference; lastKnownFileType = sourcecode.swift; path = AnimalGridItemView.swift; sourceTree = "<group>"; };
		9471584E2A001E3E00FE5137 /* Stickers.appex */ = {isa = PBXFileReference; explicitFileType = "wrapper.app-extension"; includeInIndex = 0; path = Stickers.appex; sourceTree = BUILT_PRODUCTS_DIR; };
		947158502A001E4000FE5137 /* Stickers.xcassets */ = {isa = PBXFileReference; lastKnownFileType = folder.assetcatalog; path = Stickers.xcassets; sourceTree = "<group>"; };
		947158522A001E4000FE5137 /* Info.plist */ = {isa = PBXFileReference; lastKnownFileType = text.plist.xml; path = Info.plist; sourceTree = "<group>"; };
		9471585A2A0020C800FE5137 /* CreditsView.swift */ = {isa = PBXFileReference; lastKnownFileType = sourcecode.swift; path = CreditsView.swift; sourceTree = "<group>"; };
		9471585D2A0022B700FE5137 /* CenterModifier.swift */ = {isa = PBXFileReference; lastKnownFileType = sourcecode.swift; path = CenterModifier.swift; sourceTree = "<group>"; };
		94FE076F29F5AF0A006C99A7 /* CoverImageModel.swift */ = {isa = PBXFileReference; lastKnownFileType = sourcecode.swift; path = CoverImageModel.swift; sourceTree = "<group>"; };
/* End PBXFileReference section */

/* Begin PBXFrameworksBuildPhase section */
		9406A99C29E6A7C80012DDEC /* Frameworks */ = {
			isa = PBXFrameworksBuildPhase;
			buildActionMask = 2147483647;
			files = (
			);
			runOnlyForDeploymentPostprocessing = 0;
		};
/* End PBXFrameworksBuildPhase section */

/* Begin PBXGroup section */
		9406A99629E6A7C80012DDEC = {
			isa = PBXGroup;
			children = (
				9406A9A129E6A7C80012DDEC /* Africa */,
				9471584F2A001E3E00FE5137 /* Stickers */,
				9406A9A029E6A7C80012DDEC /* Products */,
			);
			sourceTree = "<group>";
		};
		9406A9A029E6A7C80012DDEC /* Products */ = {
			isa = PBXGroup;
			children = (
				9406A99F29E6A7C80012DDEC /* Africa.app */,
				9471584E2A001E3E00FE5137 /* Stickers.appex */,
			);
			name = Products;
			sourceTree = "<group>";
		};
		9406A9A129E6A7C80012DDEC /* Africa */ = {
			isa = PBXGroup;
			children = (
				9471585C2A0022A900FE5137 /* Modifier */,
				9471583229FDB30B00FE5137 /* Helper */,
				9468E99E29F6B8E50027A3E6 /* Extension */,
				94FE076E29F5AEF8006C99A7 /* Model */,
				9406A9D929E6BF9C0012DDEC /* View */,
				9406A9CE29E6B0210012DDEC /* Info.plist */,
				9406A9C529E6AD8E0012DDEC /* Data */,
				9406A9B029E6AD220012DDEC /* Video */,
				9406A9D029E6B4280012DDEC /* App */,
				9406A9A629E6A7CA0012DDEC /* Assets.xcassets */,
				9406A9A829E6A7CA0012DDEC /* Preview Content */,
			);
			path = Africa;
			sourceTree = "<group>";
		};
		9406A9A829E6A7CA0012DDEC /* Preview Content */ = {
			isa = PBXGroup;
			children = (
				9406A9A929E6A7CA0012DDEC /* Preview Assets.xcassets */,
			);
			path = "Preview Content";
			sourceTree = "<group>";
		};
		9406A9B029E6AD220012DDEC /* Video */ = {
			isa = PBXGroup;
			children = (
				9406A9BA29E6AD650012DDEC /* cheetah.mp4 */,
				9406A9B529E6AD650012DDEC /* elephant.mp4 */,
				9406A9B929E6AD650012DDEC /* giraffe.mp4 */,
				9406A9B229E6AD650012DDEC /* gorilla.mp4 */,
				9406A9B629E6AD650012DDEC /* hippo.mp4 */,
				9406A9B829E6AD650012DDEC /* lion.mp4 */,
				9406A9B129E6AD650012DDEC /* lioness.mp4 */,
				9406A9B329E6AD650012DDEC /* ostrich.mp4 */,
				9406A9B429E6AD650012DDEC /* rhino.mp4 */,
				9406A9B729E6AD650012DDEC /* zebra.mp4 */,
			);
			path = Video;
			sourceTree = "<group>";
		};
		9406A9C529E6AD8E0012DDEC /* Data */ = {
			isa = PBXGroup;
			children = (
				9406A9C829E6ADF90012DDEC /* animals.json */,
				9406A9C729E6ADF90012DDEC /* covers.json */,
				9406A9C629E6ADF90012DDEC /* locations.json */,
				9406A9C929E6ADF90012DDEC /* videos.json */,
			);
			path = Data;
			sourceTree = "<group>";
		};
		9406A9D029E6B4280012DDEC /* App */ = {
			isa = PBXGroup;
			children = (
				9406A9A229E6A7C80012DDEC /* AfricaApp.swift */,
				9406A9A429E6A7C80012DDEC /* ContentView.swift */,
				9406A9D129E6B4AC0012DDEC /* VideoListView.swift */,
				9406A9D329E6B4C90012DDEC /* MapView.swift */,
				9406A9D529E6B4E30012DDEC /* GalleryView.swift */,
				9406A9D729E6B4FF0012DDEC /* MainView.swift */,
			);
			path = App;
			sourceTree = "<group>";
		};
		9406A9D929E6BF9C0012DDEC /* View */ = {
			isa = PBXGroup;
			children = (
				9406A9DA29E6BFEA0012DDEC /* CoverImageView.swift */,
				9468E9B029F6CA010027A3E6 /* AnimalListItemView.swift */,
				9468E9B429F6D26A0027A3E6 /* AnimalDetailView.swift */,
				9471582229FC031300FE5137 /* HeadingView.swift */,
				9471582429FC080600FE5137 /* InsetGalleryView.swift */,
				9471582629FC11A400FE5137 /* InsetFactView.swift */,
				9471582829FC1B0D00FE5137 /* InsetMapView.swift */,
				9471582A29FC21E600FE5137 /* ExternalWeblinkView.swift */,
				9471582E29FD5E1B00FE5137 /* VideoListItemView.swift */,
				9471583029FDB14300FE5137 /* VideoPlayerView.swift */,
				9471584629FE9CF200FE5137 /* MapAnnotationView.swift */,
				9471584829FEA67500FE5137 /* MotionAnimationView.swift */,
				9471584A2A00116200FE5137 /* AnimalGridItemView.swift */,
				9471585A2A0020C800FE5137 /* CreditsView.swift */,
			);
			path = View;
			sourceTree = "<group>";
		};
		9468E99E29F6B8E50027A3E6 /* Extension */ = {
			isa = PBXGroup;
			children = (
				9468E99F29F6B90A0027A3E6 /* CodableBundleExtension.swift */,
			);
			path = Extension;
			sourceTree = "<group>";
		};
		9471583229FDB30B00FE5137 /* Helper */ = {
			isa = PBXGroup;
			children = (
				9471583329FDB32500FE5137 /* VideoPlayerHelper.swift */,
			);
			path = Helper;
			sourceTree = "<group>";
		};
		9471584F2A001E3E00FE5137 /* Stickers */ = {
			isa = PBXGroup;
			children = (
				947158502A001E4000FE5137 /* Stickers.xcassets */,
				947158522A001E4000FE5137 /* Info.plist */,
			);
			path = Stickers;
			sourceTree = "<group>";
		};
		9471585C2A0022A900FE5137 /* Modifier */ = {
			isa = PBXGroup;
			children = (
				9471585D2A0022B700FE5137 /* CenterModifier.swift */,
			);
			path = Modifier;
			sourceTree = "<group>";
		};
		94FE076E29F5AEF8006C99A7 /* Model */ = {
			isa = PBXGroup;
			children = (
				94FE076F29F5AF0A006C99A7 /* CoverImageModel.swift */,
				9468E9B229F6CDE50027A3E6 /* AnimalModel.swift */,
				9471582C29FD5C9B00FE5137 /* VideoModel.swift */,
				9471584429FE91B500FE5137 /* LocationModel.swift */,
			);
			path = Model;
			sourceTree = "<group>";
		};
/* End PBXGroup section */

/* Begin PBXNativeTarget section */
		9406A99E29E6A7C80012DDEC /* Africa */ = {
			isa = PBXNativeTarget;
			buildConfigurationList = 9406A9AD29E6A7CA0012DDEC /* Build configuration list for PBXNativeTarget "Africa" */;
			buildPhases = (
				9406A99B29E6A7C80012DDEC /* Sources */,
				9406A99C29E6A7C80012DDEC /* Frameworks */,
				9406A99D29E6A7C80012DDEC /* Resources */,
				947158592A001E4000FE5137 /* Embed Foundation Extensions */,
			);
			buildRules = (
			);
			dependencies = (
				947158542A001E4000FE5137 /* PBXTargetDependency */,
			);
			name = Africa;
			productName = Africa;
			productReference = 9406A99F29E6A7C80012DDEC /* Africa.app */;
			productType = "com.apple.product-type.application";
		};
		9471584D2A001E3E00FE5137 /* Stickers */ = {
			isa = PBXNativeTarget;
			buildConfigurationList = 947158562A001E4000FE5137 /* Build configuration list for PBXNativeTarget "Stickers" */;
			buildPhases = (
				9471584C2A001E3E00FE5137 /* Resources */,
			);
			buildRules = (
			);
			dependencies = (
			);
			name = Stickers;
			productName = Stickers;
			productReference = 9471584E2A001E3E00FE5137 /* Stickers.appex */;
			productType = "com.apple.product-type.app-extension.messages-sticker-pack";
		};
/* End PBXNativeTarget section */

/* Begin PBXProject section */
		9406A99729E6A7C80012DDEC /* Project object */ = {
			isa = PBXProject;
			attributes = {
				BuildIndependentTargetsInParallel = 1;
				LastSwiftUpdateCheck = 1430;
				LastUpgradeCheck = 1430;
				TargetAttributes = {
					9406A99E29E6A7C80012DDEC = {
						CreatedOnToolsVersion = 14.3;
					};
					9471584D2A001E3E00FE5137 = {
						CreatedOnToolsVersion = 14.3;
					};
				};
			};
			buildConfigurationList = 9406A99A29E6A7C80012DDEC /* Build configuration list for PBXProject "Africa" */;
			compatibilityVersion = "Xcode 14.0";
			developmentRegion = en;
			hasScannedForEncodings = 0;
			knownRegions = (
				en,
				Base,
			);
			mainGroup = 9406A99629E6A7C80012DDEC;
			productRefGroup = 9406A9A029E6A7C80012DDEC /* Products */;
			projectDirPath = "";
			projectRoot = "";
			targets = (
				9406A99E29E6A7C80012DDEC /* Africa */,
				9471584D2A001E3E00FE5137 /* Stickers */,
			);
		};
/* End PBXProject section */

/* Begin PBXResourcesBuildPhase section */
		9406A99D29E6A7C80012DDEC /* Resources */ = {
			isa = PBXResourcesBuildPhase;
			buildActionMask = 2147483647;
			files = (
				9406A9CC29E6ADF90012DDEC /* animals.json in Resources */,
				9406A9CA29E6ADF90012DDEC /* locations.json in Resources */,
				9406A9C029E6AD650012DDEC /* hippo.mp4 in Resources */,
				9406A9BE29E6AD650012DDEC /* rhino.mp4 in Resources */,
				9406A9BC29E6AD650012DDEC /* gorilla.mp4 in Resources */,
				9406A9C229E6AD650012DDEC /* lion.mp4 in Resources */,
				9406A9AA29E6A7CA0012DDEC /* Preview Assets.xcassets in Resources */,
				9406A9A729E6A7CA0012DDEC /* Assets.xcassets in Resources */,
				9406A9CB29E6ADF90012DDEC /* covers.json in Resources */,
				9406A9C329E6AD650012DDEC /* giraffe.mp4 in Resources */,
				9406A9BF29E6AD650012DDEC /* elephant.mp4 in Resources */,
				9406A9C429E6AD650012DDEC /* cheetah.mp4 in Resources */,
				9406A9BD29E6AD650012DDEC /* ostrich.mp4 in Resources */,
				9406A9CD29E6ADF90012DDEC /* videos.json in Resources */,
				9406A9C129E6AD650012DDEC /* zebra.mp4 in Resources */,
				9406A9BB29E6AD650012DDEC /* lioness.mp4 in Resources */,
			);
			runOnlyForDeploymentPostprocessing = 0;
		};
		9471584C2A001E3E00FE5137 /* Resources */ = {
			isa = PBXResourcesBuildPhase;
			buildActionMask = 2147483647;
			files = (
				947158512A001E4000FE5137 /* Stickers.xcassets in Resources */,
			);
			runOnlyForDeploymentPostprocessing = 0;
		};
/* End PBXResourcesBuildPhase section */

/* Begin PBXSourcesBuildPhase section */
		9406A99B29E6A7C80012DDEC /* Sources */ = {
			isa = PBXSourcesBuildPhase;
			buildActionMask = 2147483647;
			files = (
				9471582B29FC21E600FE5137 /* ExternalWeblinkView.swift in Sources */,
				9406A9A529E6A7C80012DDEC /* ContentView.swift in Sources */,
				9468E9B129F6CA010027A3E6 /* AnimalListItemView.swift in Sources */,
				9406A9D829E6B4FF0012DDEC /* MainView.swift in Sources */,
				9471582729FC11A400FE5137 /* InsetFactView.swift in Sources */,
				9406A9DB29E6BFEA0012DDEC /* CoverImageView.swift in Sources */,
				94FE077029F5AF0A006C99A7 /* CoverImageModel.swift in Sources */,
				9468E9B529F6D26A0027A3E6 /* AnimalDetailView.swift in Sources */,
				9468E9B329F6CDE50027A3E6 /* AnimalModel.swift in Sources */,
				9406A9D429E6B4C90012DDEC /* MapView.swift in Sources */,
				9471583429FDB32500FE5137 /* VideoPlayerHelper.swift in Sources */,
				9471582929FC1B0D00FE5137 /* InsetMapView.swift in Sources */,
				9406A9A329E6A7C80012DDEC /* AfricaApp.swift in Sources */,
				9471584729FE9CF200FE5137 /* MapAnnotationView.swift in Sources */,
				9406A9D229E6B4AC0012DDEC /* VideoListView.swift in Sources */,
				9471582D29FD5C9B00FE5137 /* VideoModel.swift in Sources */,
				9406A9D629E6B4E30012DDEC /* GalleryView.swift in Sources */,
				9471584529FE91B500FE5137 /* LocationModel.swift in Sources */,
				9471584B2A00116200FE5137 /* AnimalGridItemView.swift in Sources */,
				9471582529FC080600FE5137 /* InsetGalleryView.swift in Sources */,
				9471582F29FD5E1B00FE5137 /* VideoListItemView.swift in Sources */,
				9471585B2A0020C800FE5137 /* CreditsView.swift in Sources */,
				9468E9A029F6B90A0027A3E6 /* CodableBundleExtension.swift in Sources */,
				9471584929FEA67500FE5137 /* MotionAnimationView.swift in Sources */,
				9471585E2A0022B700FE5137 /* CenterModifier.swift in Sources */,
				9471582329FC031300FE5137 /* HeadingView.swift in Sources */,
				9471583129FDB14300FE5137 /* VideoPlayerView.swift in Sources */,
			);
			runOnlyForDeploymentPostprocessing = 0;
		};
/* End PBXSourcesBuildPhase section */

/* Begin PBXTargetDependency section */
		947158542A001E4000FE5137 /* PBXTargetDependency */ = {
			isa = PBXTargetDependency;
			target = 9471584D2A001E3E00FE5137 /* Stickers */;
			targetProxy = 947158532A001E4000FE5137 /* PBXContainerItemProxy */;
		};
/* End PBXTargetDependency section */

/* Begin XCBuildConfiguration section */
		9406A9AB29E6A7CA0012DDEC /* Debug */ = {
			isa = XCBuildConfiguration;
			buildSettings = {
				ALWAYS_SEARCH_USER_PATHS = NO;
				CLANG_ANALYZER_NONNULL = YES;
				CLANG_ANALYZER_NUMBER_OBJECT_CONVERSION = YES_AGGRESSIVE;
				CLANG_CXX_LANGUAGE_STANDARD = "gnu++20";
				CLANG_ENABLE_MODULES = YES;
				CLANG_ENABLE_OBJC_ARC = YES;
				CLANG_ENABLE_OBJC_WEAK = YES;
				CLANG_WARN_BLOCK_CAPTURE_AUTORELEASING = YES;
				CLANG_WARN_BOOL_CONVERSION = YES;
				CLANG_WARN_COMMA = YES;
				CLANG_WARN_CONSTANT_CONVERSION = YES;
				CLANG_WARN_DEPRECATED_OBJC_IMPLEMENTATIONS = YES;
				CLANG_WARN_DIRECT_OBJC_ISA_USAGE = YES_ERROR;
				CLANG_WARN_DOCUMENTATION_COMMENTS = YES;
				CLANG_WARN_EMPTY_BODY = YES;
				CLANG_WARN_ENUM_CONVERSION = YES;
				CLANG_WARN_INFINITE_RECURSION = YES;
				CLANG_WARN_INT_CONVERSION = YES;
				CLANG_WARN_NON_LITERAL_NULL_CONVERSION = YES;
				CLANG_WARN_OBJC_IMPLICIT_RETAIN_SELF = YES;
				CLANG_WARN_OBJC_LITERAL_CONVERSION = YES;
				CLANG_WARN_OBJC_ROOT_CLASS = YES_ERROR;
				CLANG_WARN_QUOTED_INCLUDE_IN_FRAMEWORK_HEADER = YES;
				CLANG_WARN_RANGE_LOOP_ANALYSIS = YES;
				CLANG_WARN_STRICT_PROTOTYPES = YES;
				CLANG_WARN_SUSPICIOUS_MOVE = YES;
				CLANG_WARN_UNGUARDED_AVAILABILITY = YES_AGGRESSIVE;
				CLANG_WARN_UNREACHABLE_CODE = YES;
				CLANG_WARN__DUPLICATE_METHOD_MATCH = YES;
				COPY_PHASE_STRIP = NO;
				DEBUG_INFORMATION_FORMAT = dwarf;
				ENABLE_STRICT_OBJC_MSGSEND = YES;
				ENABLE_TESTABILITY = YES;
				GCC_C_LANGUAGE_STANDARD = gnu11;
				GCC_DYNAMIC_NO_PIC = NO;
				GCC_NO_COMMON_BLOCKS = YES;
				GCC_OPTIMIZATION_LEVEL = 0;
				GCC_PREPROCESSOR_DEFINITIONS = (
					"DEBUG=1",
					"$(inherited)",
				);
				GCC_WARN_64_TO_32_BIT_CONVERSION = YES;
				GCC_WARN_ABOUT_RETURN_TYPE = YES_ERROR;
				GCC_WARN_UNDECLARED_SELECTOR = YES;
				GCC_WARN_UNINITIALIZED_AUTOS = YES_AGGRESSIVE;
				GCC_WARN_UNUSED_FUNCTION = YES;
				GCC_WARN_UNUSED_VARIABLE = YES;
				IPHONEOS_DEPLOYMENT_TARGET = 16.4;
				MTL_ENABLE_DEBUG_INFO = INCLUDE_SOURCE;
				MTL_FAST_MATH = YES;
				ONLY_ACTIVE_ARCH = YES;
				SDKROOT = iphoneos;
				SWIFT_ACTIVE_COMPILATION_CONDITIONS = DEBUG;
				SWIFT_OPTIMIZATION_LEVEL = "-Onone";
			};
			name = Debug;
		};
		9406A9AC29E6A7CA0012DDEC /* Release */ = {
			isa = XCBuildConfiguration;
			buildSettings = {
				ALWAYS_SEARCH_USER_PATHS = NO;
				CLANG_ANALYZER_NONNULL = YES;
				CLANG_ANALYZER_NUMBER_OBJECT_CONVERSION = YES_AGGRESSIVE;
				CLANG_CXX_LANGUAGE_STANDARD = "gnu++20";
				CLANG_ENABLE_MODULES = YES;
				CLANG_ENABLE_OBJC_ARC = YES;
				CLANG_ENABLE_OBJC_WEAK = YES;
				CLANG_WARN_BLOCK_CAPTURE_AUTORELEASING = YES;
				CLANG_WARN_BOOL_CONVERSION = YES;
				CLANG_WARN_COMMA = YES;
				CLANG_WARN_CONSTANT_CONVERSION = YES;
				CLANG_WARN_DEPRECATED_OBJC_IMPLEMENTATIONS = YES;
				CLANG_WARN_DIRECT_OBJC_ISA_USAGE = YES_ERROR;
				CLANG_WARN_DOCUMENTATION_COMMENTS = YES;
				CLANG_WARN_EMPTY_BODY = YES;
				CLANG_WARN_ENUM_CONVERSION = YES;
				CLANG_WARN_INFINITE_RECURSION = YES;
				CLANG_WARN_INT_CONVERSION = YES;
				CLANG_WARN_NON_LITERAL_NULL_CONVERSION = YES;
				CLANG_WARN_OBJC_IMPLICIT_RETAIN_SELF = YES;
				CLANG_WARN_OBJC_LITERAL_CONVERSION = YES;
				CLANG_WARN_OBJC_ROOT_CLASS = YES_ERROR;
				CLANG_WARN_QUOTED_INCLUDE_IN_FRAMEWORK_HEADER = YES;
				CLANG_WARN_RANGE_LOOP_ANALYSIS = YES;
				CLANG_WARN_STRICT_PROTOTYPES = YES;
				CLANG_WARN_SUSPICIOUS_MOVE = YES;
				CLANG_WARN_UNGUARDED_AVAILABILITY = YES_AGGRESSIVE;
				CLANG_WARN_UNREACHABLE_CODE = YES;
				CLANG_WARN__DUPLICATE_METHOD_MATCH = YES;
				COPY_PHASE_STRIP = NO;
				DEBUG_INFORMATION_FORMAT = "dwarf-with-dsym";
				ENABLE_NS_ASSERTIONS = NO;
				ENABLE_STRICT_OBJC_MSGSEND = YES;
				GCC_C_LANGUAGE_STANDARD = gnu11;
				GCC_NO_COMMON_BLOCKS = YES;
				GCC_WARN_64_TO_32_BIT_CONVERSION = YES;
				GCC_WARN_ABOUT_RETURN_TYPE = YES_ERROR;
				GCC_WARN_UNDECLARED_SELECTOR = YES;
				GCC_WARN_UNINITIALIZED_AUTOS = YES_AGGRESSIVE;
				GCC_WARN_UNUSED_FUNCTION = YES;
				GCC_WARN_UNUSED_VARIABLE = YES;
				IPHONEOS_DEPLOYMENT_TARGET = 16.4;
				MTL_ENABLE_DEBUG_INFO = NO;
				MTL_FAST_MATH = YES;
				SDKROOT = iphoneos;
				SWIFT_COMPILATION_MODE = wholemodule;
				SWIFT_OPTIMIZATION_LEVEL = "-O";
				VALIDATE_PRODUCT = YES;
			};
			name = Release;
		};
		9406A9AE29E6A7CA0012DDEC /* Debug */ = {
			isa = XCBuildConfiguration;
			buildSettings = {
				ASSETCATALOG_COMPILER_APPICON_NAME = AppIcon;
				ASSETCATALOG_COMPILER_GLOBAL_ACCENT_COLOR_NAME = AccentColor;
				CODE_SIGN_STYLE = Automatic;
				CURRENT_PROJECT_VERSION = 1;
				DEVELOPMENT_ASSET_PATHS = "\"Africa/Preview Content\"";
				DEVELOPMENT_TEAM = 55R8N78RD4;
				ENABLE_PREVIEWS = YES;
				GENERATE_INFOPLIST_FILE = YES;
				INFOPLIST_FILE = Africa/Info.plist;
				INFOPLIST_KEY_UIApplicationSceneManifest_Generation = YES;
				INFOPLIST_KEY_UIApplicationSupportsIndirectInputEvents = YES;
				INFOPLIST_KEY_UISupportedInterfaceOrientations_iPad = "UIInterfaceOrientationPortrait UIInterfaceOrientationPortraitUpsideDown UIInterfaceOrientationLandscapeLeft UIInterfaceOrientationLandscapeRight";
				INFOPLIST_KEY_UISupportedInterfaceOrientations_iPhone = "UIInterfaceOrientationPortrait UIInterfaceOrientationLandscapeLeft UIInterfaceOrientationLandscapeRight";
				INFOPLIST_KEY_UIUserInterfaceStyle = Dark;
				LD_RUNPATH_SEARCH_PATHS = (
					"$(inherited)",
					"@executable_path/Frameworks",
				);
				MARKETING_VERSION = 1.0;
				PRODUCT_BUNDLE_IDENTIFIER = com.davidedson.Africa;
				PRODUCT_NAME = "$(TARGET_NAME)";
				SUPPORTED_PLATFORMS = "iphoneos iphonesimulator";
				SUPPORTS_MACCATALYST = NO;
				SUPPORTS_MAC_DESIGNED_FOR_IPHONE_IPAD = NO;
				SWIFT_EMIT_LOC_STRINGS = YES;
				SWIFT_VERSION = 5.0;
				TARGETED_DEVICE_FAMILY = "1,2";
			};
			name = Debug;
		};
		9406A9AF29E6A7CA0012DDEC /* Release */ = {
			isa = XCBuildConfiguration;
			buildSettings = {
				ASSETCATALOG_COMPILER_APPICON_NAME = AppIcon;
				ASSETCATALOG_COMPILER_GLOBAL_ACCENT_COLOR_NAME = AccentColor;
				CODE_SIGN_STYLE = Automatic;
				CURRENT_PROJECT_VERSION = 1;
				DEVELOPMENT_ASSET_PATHS = "\"Africa/Preview Content\"";
				DEVELOPMENT_TEAM = 55R8N78RD4;
				ENABLE_PREVIEWS = YES;
				GENERATE_INFOPLIST_FILE = YES;
				INFOPLIST_FILE = Africa/Info.plist;
				INFOPLIST_KEY_UIApplicationSceneManifest_Generation = YES;
				INFOPLIST_KEY_UIApplicationSupportsIndirectInputEvents = YES;
				INFOPLIST_KEY_UISupportedInterfaceOrientations_iPad = "UIInterfaceOrientationPortrait UIInterfaceOrientationPortraitUpsideDown UIInterfaceOrientationLandscapeLeft UIInterfaceOrientationLandscapeRight";
				INFOPLIST_KEY_UISupportedInterfaceOrientations_iPhone = "UIInterfaceOrientationPortrait UIInterfaceOrientationLandscapeLeft UIInterfaceOrientationLandscapeRight";
				INFOPLIST_KEY_UIUserInterfaceStyle = Dark;
				LD_RUNPATH_SEARCH_PATHS = (
					"$(inherited)",
					"@executable_path/Frameworks",
				);
				MARKETING_VERSION = 1.0;
				PRODUCT_BUNDLE_IDENTIFIER = com.davidedson.Africa;
				PRODUCT_NAME = "$(TARGET_NAME)";
				SUPPORTED_PLATFORMS = "iphoneos iphonesimulator";
				SUPPORTS_MACCATALYST = NO;
				SUPPORTS_MAC_DESIGNED_FOR_IPHONE_IPAD = NO;
				SWIFT_EMIT_LOC_STRINGS = YES;
				SWIFT_VERSION = 5.0;
				TARGETED_DEVICE_FAMILY = "1,2";
			};
			name = Release;
		};
		947158572A001E4000FE5137 /* Debug */ = {
			isa = XCBuildConfiguration;
			buildSettings = {
				ASSETCATALOG_COMPILER_APPICON_NAME = "iMessage App Icon";
				CODE_SIGN_STYLE = Automatic;
				CURRENT_PROJECT_VERSION = 1;
				DEVELOPMENT_TEAM = 55R8N78RD4;
				GENERATE_INFOPLIST_FILE = YES;
				INFOPLIST_FILE = Stickers/Info.plist;
				INFOPLIST_KEY_CFBundleDisplayName = Africa;
				MARKETING_VERSION = 1.0;
				PRODUCT_BUNDLE_IDENTIFIER = com.davidedson.Africa.Stickers;
				PRODUCT_NAME = "$(TARGET_NAME)";
				SKIP_INSTALL = YES;
				SWIFT_EMIT_LOC_STRINGS = YES;
				TARGETED_DEVICE_FAMILY = "1,2";
			};
			name = Debug;
		};
		947158582A001E4000FE5137 /* Release */ = {
			isa = XCBuildConfiguration;
			buildSettings = {
				ASSETCATALOG_COMPILER_APPICON_NAME = "iMessage App Icon";
				CODE_SIGN_STYLE = Automatic;
				CURRENT_PROJECT_VERSION = 1;
				DEVELOPMENT_TEAM = 55R8N78RD4;
				GENERATE_INFOPLIST_FILE = YES;
				INFOPLIST_FILE = Stickers/Info.plist;
				INFOPLIST_KEY_CFBundleDisplayName = Africa;
				MARKETING_VERSION = 1.0;
				PRODUCT_BUNDLE_IDENTIFIER = com.davidedson.Africa.Stickers;
				PRODUCT_NAME = "$(TARGET_NAME)";
				SKIP_INSTALL = YES;
				SWIFT_EMIT_LOC_STRINGS = YES;
				TARGETED_DEVICE_FAMILY = "1,2";
			};
			name = Release;
		};
/* End XCBuildConfiguration section */

/* Begin XCConfigurationList section */
		9406A99A29E6A7C80012DDEC /* Build configuration list for PBXProject "Africa" */ = {
			isa = XCConfigurationList;
			buildConfigurations = (
				9406A9AB29E6A7CA0012DDEC /* Debug */,
				9406A9AC29E6A7CA0012DDEC /* Release */,
			);
			defaultConfigurationIsVisible = 0;
			defaultConfigurationName = Release;
		};
		9406A9AD29E6A7CA0012DDEC /* Build configuration list for PBXNativeTarget "Africa" */ = {
			isa = XCConfigurationList;
			buildConfigurations = (
				9406A9AE29E6A7CA0012DDEC /* Debug */,
				9406A9AF29E6A7CA0012DDEC /* Release */,
			);
			defaultConfigurationIsVisible = 0;
			defaultConfigurationName = Release;
		};
		947158562A001E4000FE5137 /* Build configuration list for PBXNativeTarget "Stickers" */ = {
			isa = XCConfigurationList;
			buildConfigurations = (
				947158572A001E4000FE5137 /* Debug */,
				947158582A001E4000FE5137 /* Release */,
			);
			defaultConfigurationIsVisible = 0;
			defaultConfigurationName = Release;
		};
/* End XCConfigurationList section */
	};
	rootObject = 9406A99729E6A7C80012DDEC /* Project object */;
}
